// !$*UTF8*$!
{
	archiveVersion = 1;
	classes = {
	};
	objectVersion = 77;
	objects = {

/* Begin PBXBuildFile section */
		76C13517F2064415BFBB0210 /* Pods_Jahez_Task.framework in Frameworks */ = {isa = PBXBuildFile; fileRef = 111AD701207E01F213646BD6 /* Pods_Jahez_Task.framework */; };
		E3210ACB2E015A2E00D8D761 /* AppDelegate.swift in Sources */ = {isa = PBXBuildFile; fileRef = E3210AC12E015A2E00D8D761 /* AppDelegate.swift */; };
		E3210ACC2E015A2E00D8D761 /* SceneDelegate.swift in Sources */ = {isa = PBXBuildFile; fileRef = E3210AC22E015A2E00D8D761 /* SceneDelegate.swift */; };
		E3210ACD2E015A2E00D8D761 /* Assets.xcassets in Resources */ = {isa = PBXBuildFile; fileRef = E3210AC42E015A2E00D8D761 /* Assets.xcassets */; };
		E3210AD32E015A3A00D8D761 /* HomeViewModelTests.swift in Sources */ = {isa = PBXBuildFile; fileRef = E3210AD12E015A3A00D8D761 /* HomeViewModelTests.swift */; };
		E3210AD72E015A3C00D8D761 /* Jahez_TaskUITests.swift in Sources */ = {isa = PBXBuildFile; fileRef = E3210AD42E015A3C00D8D761 /* Jahez_TaskUITests.swift */; };
		E3210AD82E015A3C00D8D761 /* Jahez_TaskUITestsLaunchTests.swift in Sources */ = {isa = PBXBuildFile; fileRef = E3210AD52E015A3C00D8D761 /* Jahez_TaskUITestsLaunchTests.swift */; };
		E3210ADB2E015A8800D8D761 /* LaunchScreen.storyboard in Resources */ = {isa = PBXBuildFile; fileRef = E3210ADA2E015A8800D8D761 /* LaunchScreen.storyboard */; };
		E3210AE02E015AF500D8D761 /* Container.swift in Sources */ = {isa = PBXBuildFile; fileRef = E3210ADF2E015AF400D8D761 /* Container.swift */; };
		E3210AE32E015B2F00D8D761 /* NetworkManager.swift in Sources */ = {isa = PBXBuildFile; fileRef = E3210AE22E015B2F00D8D761 /* NetworkManager.swift */; };
		E3210AE52E015B3C00D8D761 /* NetworkManager+ParseResponse.swift in Sources */ = {isa = PBXBuildFile; fileRef = E3210AE42E015B3C00D8D761 /* NetworkManager+ParseResponse.swift */; };
		E3210AE72E015B4800D8D761 /* NetworkDefaults.swift in Sources */ = {isa = PBXBuildFile; fileRef = E3210AE62E015B4800D8D761 /* NetworkDefaults.swift */; };
		E3210AEA2E0163BE00D8D761 /* Environment.swift in Sources */ = {isa = PBXBuildFile; fileRef = E3210AE92E0163BE00D8D761 /* Environment.swift */; };
		E3210AEC2E0163E600D8D761 /* AppConfig.xcconfig in Resources */ = {isa = PBXBuildFile; fileRef = E3210AEB2E0163E600D8D761 /* AppConfig.xcconfig */; };
		E32905102E016ED90002F28C /* NetworkError.swift in Sources */ = {isa = PBXBuildFile; fileRef = E329050F2E016ED90002F28C /* NetworkError.swift */; };
		E32905132E016EF70002F28C /* MovieModel.swift in Sources */ = {isa = PBXBuildFile; fileRef = E32905122E016EF70002F28C /* MovieModel.swift */; };
		E32905152E016F0B0002F28C /* NetworkResponse.swift in Sources */ = {isa = PBXBuildFile; fileRef = E32905142E016F0B0002F28C /* NetworkResponse.swift */; };
		E32905172E01723F0002F28C /* GenreModel.swift in Sources */ = {isa = PBXBuildFile; fileRef = E32905162E01723F0002F28C /* GenreModel.swift */; };
		E32905192E017BF90002F28C /* GenreResponseModel.swift in Sources */ = {isa = PBXBuildFile; fileRef = E32905182E017BF90002F28C /* GenreResponseModel.swift */; };
		E32905222E0181D10002F28C /* AppDelegate+Extension.swift in Sources */ = {isa = PBXBuildFile; fileRef = E32905212E0181D10002F28C /* AppDelegate+Extension.swift */; };
		E32905262E028EC40002F28C /* AppNavigationController.swift in Sources */ = {isa = PBXBuildFile; fileRef = E32905252E028EC40002F28C /* AppNavigationController.swift */; };
		E32905292E028F020002F28C /* Colors.xcassets in Resources */ = {isa = PBXBuildFile; fileRef = E32905282E028F020002F28C /* Colors.xcassets */; };
		E329052C2E028F4D0002F28C /* UIColor+app.swift in Sources */ = {isa = PBXBuildFile; fileRef = E329052B2E028F4D0002F28C /* UIColor+app.swift */; };
		E329052F2E02929D0002F28C /* AppManager.swift in Sources */ = {isa = PBXBuildFile; fileRef = E329052E2E02929D0002F28C /* AppManager.swift */; };
		E32905312E0292F10002F28C /* SceneDelegate+Extension.swift in Sources */ = {isa = PBXBuildFile; fileRef = E32905302E0292F10002F28C /* SceneDelegate+Extension.swift */; };
		E32905342E02A4430002F28C /* AppLoader.swift in Sources */ = {isa = PBXBuildFile; fileRef = E32905332E02A4430002F28C /* AppLoader.swift */; };
		E32905382E02AB950002F28C /* AppAlertManager.swift in Sources */ = {isa = PBXBuildFile; fileRef = E32905372E02AB950002F28C /* AppAlertManager.swift */; };
		E329053B2E030B190002F28C /* GenreCell.swift in Sources */ = {isa = PBXBuildFile; fileRef = E329053A2E030B190002F28C /* GenreCell.swift */; };
		E329053D2E030B360002F28C /* MovieCell.swift in Sources */ = {isa = PBXBuildFile; fileRef = E329053C2E030B360002F28C /* MovieCell.swift */; };
		E329053F2E03462A0002F28C /* ImageLoader.swift in Sources */ = {isa = PBXBuildFile; fileRef = E329053E2E03462A0002F28C /* ImageLoader.swift */; };
		E32905422E0405EB0002F28C /* SearchBar.swift in Sources */ = {isa = PBXBuildFile; fileRef = E32905412E0405EB0002F28C /* SearchBar.swift */; };
		E3810FA72E0597BD00F01652 /* MovieDetailsView.swift in Sources */ = {isa = PBXBuildFile; fileRef = E3810FA62E0597BD00F01652 /* MovieDetailsView.swift */; };
		E3810FA92E0597EB00F01652 /* MovieDetailsViewModel.swift in Sources */ = {isa = PBXBuildFile; fileRef = E3810FA82E0597EB00F01652 /* MovieDetailsViewModel.swift */; };
		E3810FAB2E06DC1900F01652 /* CoreData.framework in Frameworks */ = {isa = PBXBuildFile; fileRef = E3810FAA2E06DC1900F01652 /* CoreData.framework */; };
		E3810FAE2E06DC6100F01652 /* JahezDataModel.xcdatamodeld in Sources */ = {isa = PBXBuildFile; fileRef = E3810FAC2E06DC6100F01652 /* JahezDataModel.xcdatamodeld */; };
		E3810FC12E06DEA800F01652 /* CoreDataManager.swift in Sources */ = {isa = PBXBuildFile; fileRef = E3810FC02E06DEA800F01652 /* CoreDataManager.swift */; };
		E3887F242E016955003035A8 /* MovieService.swift in Sources */ = {isa = PBXBuildFile; fileRef = E3887F232E016955003035A8 /* MovieService.swift */; };
		E3887F262E016966003035A8 /* NetworkManager+Movie.swift in Sources */ = {isa = PBXBuildFile; fileRef = E3887F252E016966003035A8 /* NetworkManager+Movie.swift */; };
		E3887F2A2E016B08003035A8 /* HomeViewModel.swift in Sources */ = {isa = PBXBuildFile; fileRef = E3887F292E016B08003035A8 /* HomeViewModel.swift */; };
		E3887F2C2E016B77003035A8 /* HomeView.swift in Sources */ = {isa = PBXBuildFile; fileRef = E3887F2B2E016B76003035A8 /* HomeView.swift */; };
		E3BADCCF2E06F47F001C9DDE /* CDGenre+CoreDataClass.swift in Sources */ = {isa = PBXBuildFile; fileRef = E3BADCCA2E06F47F001C9DDE /* CDGenre+CoreDataClass.swift */; };
		E3BADCD02E06F47F001C9DDE /* CDGenre+CoreDataProperties.swift in Sources */ = {isa = PBXBuildFile; fileRef = E3BADCCB2E06F47F001C9DDE /* CDGenre+CoreDataProperties.swift */; };
		E3BADCD12E06F47F001C9DDE /* CDMovie+CoreDataClass.swift in Sources */ = {isa = PBXBuildFile; fileRef = E3BADCCC2E06F47F001C9DDE /* CDMovie+CoreDataClass.swift */; };
		E3BADCD22E06F47F001C9DDE /* CDMovie+CoreDataProperties.swift in Sources */ = {isa = PBXBuildFile; fileRef = E3BADCCD2E06F47F001C9DDE /* CDMovie+CoreDataProperties.swift */; };
/* End PBXBuildFile section */

/* Begin PBXContainerItemProxy section */
		E3210AA22E0158EF00D8D761 /* PBXContainerItemProxy */ = {
			isa = PBXContainerItemProxy;
			containerPortal = E3210A832E0158EE00D8D761 /* Project object */;
			proxyType = 1;
			remoteGlobalIDString = E3210A8A2E0158EE00D8D761;
			remoteInfo = Jahez_Task;
		};
		E3210AAC2E0158EF00D8D761 /* PBXContainerItemProxy */ = {
			isa = PBXContainerItemProxy;
			containerPortal = E3210A832E0158EE00D8D761 /* Project object */;
			proxyType = 1;
			remoteGlobalIDString = E3210A8A2E0158EE00D8D761;
			remoteInfo = Jahez_Task;
		};
/* End PBXContainerItemProxy section */

/* Begin PBXFileReference section */
		111AD701207E01F213646BD6 /* Pods_Jahez_Task.framework */ = {isa = PBXFileReference; explicitFileType = wrapper.framework; includeInIndex = 0; path = Pods_Jahez_Task.framework; sourceTree = BUILT_PRODUCTS_DIR; };
		75F416D87FA48AC852E1EE62 /* Pods-Jahez_Task.release.xcconfig */ = {isa = PBXFileReference; includeInIndex = 1; lastKnownFileType = text.xcconfig; name = "Pods-Jahez_Task.release.xcconfig"; path = "Target Support Files/Pods-Jahez_Task/Pods-Jahez_Task.release.xcconfig"; sourceTree = "<group>"; };
		E31D810A42058E2F474D0B3D /* Pods-Jahez_Task.debug.xcconfig */ = {isa = PBXFileReference; includeInIndex = 1; lastKnownFileType = text.xcconfig; name = "Pods-Jahez_Task.debug.xcconfig"; path = "Target Support Files/Pods-Jahez_Task/Pods-Jahez_Task.debug.xcconfig"; sourceTree = "<group>"; };
		E3210A8B2E0158EE00D8D761 /* Jahez_Task.app */ = {isa = PBXFileReference; explicitFileType = wrapper.application; includeInIndex = 0; path = Jahez_Task.app; sourceTree = BUILT_PRODUCTS_DIR; };
		E3210AA12E0158EF00D8D761 /* Jahez_TaskTests.xctest */ = {isa = PBXFileReference; explicitFileType = wrapper.cfbundle; includeInIndex = 0; path = Jahez_TaskTests.xctest; sourceTree = BUILT_PRODUCTS_DIR; };
		E3210AAB2E0158EF00D8D761 /* Jahez_TaskUITests.xctest */ = {isa = PBXFileReference; explicitFileType = wrapper.cfbundle; includeInIndex = 0; path = Jahez_TaskUITests.xctest; sourceTree = BUILT_PRODUCTS_DIR; };
		E3210AC12E015A2E00D8D761 /* AppDelegate.swift */ = {isa = PBXFileReference; lastKnownFileType = sourcecode.swift; path = AppDelegate.swift; sourceTree = "<group>"; };
		E3210AC22E015A2E00D8D761 /* SceneDelegate.swift */ = {isa = PBXFileReference; lastKnownFileType = sourcecode.swift; path = SceneDelegate.swift; sourceTree = "<group>"; };
		E3210AC42E015A2E00D8D761 /* Assets.xcassets */ = {isa = PBXFileReference; lastKnownFileType = folder.assetcatalog; path = Assets.xcassets; sourceTree = "<group>"; };
		E3210AC52E015A2E00D8D761 /* Info.plist */ = {isa = PBXFileReference; lastKnownFileType = text.plist.xml; path = Info.plist; sourceTree = "<group>"; };
		E3210AD12E015A3A00D8D761 /* HomeViewModelTests.swift */ = {isa = PBXFileReference; lastKnownFileType = sourcecode.swift; path = HomeViewModelTests.swift; sourceTree = "<group>"; };
		E3210AD42E015A3C00D8D761 /* Jahez_TaskUITests.swift */ = {isa = PBXFileReference; lastKnownFileType = sourcecode.swift; path = Jahez_TaskUITests.swift; sourceTree = "<group>"; };
		E3210AD52E015A3C00D8D761 /* Jahez_TaskUITestsLaunchTests.swift */ = {isa = PBXFileReference; lastKnownFileType = sourcecode.swift; path = Jahez_TaskUITestsLaunchTests.swift; sourceTree = "<group>"; };
		E3210ADA2E015A8800D8D761 /* LaunchScreen.storyboard */ = {isa = PBXFileReference; lastKnownFileType = file.storyboard; path = LaunchScreen.storyboard; sourceTree = "<group>"; };
		E3210ADF2E015AF400D8D761 /* Container.swift */ = {isa = PBXFileReference; lastKnownFileType = sourcecode.swift; path = Container.swift; sourceTree = "<group>"; };
		E3210AE22E015B2F00D8D761 /* NetworkManager.swift */ = {isa = PBXFileReference; lastKnownFileType = sourcecode.swift; path = NetworkManager.swift; sourceTree = "<group>"; };
		E3210AE42E015B3C00D8D761 /* NetworkManager+ParseResponse.swift */ = {isa = PBXFileReference; lastKnownFileType = sourcecode.swift; path = "NetworkManager+ParseResponse.swift"; sourceTree = "<group>"; };
		E3210AE62E015B4800D8D761 /* NetworkDefaults.swift */ = {isa = PBXFileReference; lastKnownFileType = sourcecode.swift; path = NetworkDefaults.swift; sourceTree = "<group>"; };
		E3210AE92E0163BE00D8D761 /* Environment.swift */ = {isa = PBXFileReference; lastKnownFileType = sourcecode.swift; path = Environment.swift; sourceTree = "<group>"; };
		E3210AEB2E0163E600D8D761 /* AppConfig.xcconfig */ = {isa = PBXFileReference; lastKnownFileType = text.xcconfig; path = AppConfig.xcconfig; sourceTree = "<group>"; };
		E329050F2E016ED90002F28C /* NetworkError.swift */ = {isa = PBXFileReference; lastKnownFileType = sourcecode.swift; path = NetworkError.swift; sourceTree = "<group>"; };
		E32905122E016EF70002F28C /* MovieModel.swift */ = {isa = PBXFileReference; lastKnownFileType = sourcecode.swift; path = MovieModel.swift; sourceTree = "<group>"; };
		E32905142E016F0B0002F28C /* NetworkResponse.swift */ = {isa = PBXFileReference; lastKnownFileType = sourcecode.swift; path = NetworkResponse.swift; sourceTree = "<group>"; };
		E32905162E01723F0002F28C /* GenreModel.swift */ = {isa = PBXFileReference; lastKnownFileType = sourcecode.swift; path = GenreModel.swift; sourceTree = "<group>"; };
		E32905182E017BF90002F28C /* GenreResponseModel.swift */ = {isa = PBXFileReference; lastKnownFileType = sourcecode.swift; path = GenreResponseModel.swift; sourceTree = "<group>"; };
		E32905212E0181D10002F28C /* AppDelegate+Extension.swift */ = {isa = PBXFileReference; lastKnownFileType = sourcecode.swift; path = "AppDelegate+Extension.swift"; sourceTree = "<group>"; };
		E32905252E028EC40002F28C /* AppNavigationController.swift */ = {isa = PBXFileReference; lastKnownFileType = sourcecode.swift; path = AppNavigationController.swift; sourceTree = "<group>"; };
		E32905282E028F020002F28C /* Colors.xcassets */ = {isa = PBXFileReference; lastKnownFileType = folder.assetcatalog; path = Colors.xcassets; sourceTree = "<group>"; };
		E329052B2E028F4D0002F28C /* UIColor+app.swift */ = {isa = PBXFileReference; lastKnownFileType = sourcecode.swift; path = "UIColor+app.swift"; sourceTree = "<group>"; };
		E329052E2E02929D0002F28C /* AppManager.swift */ = {isa = PBXFileReference; lastKnownFileType = sourcecode.swift; path = AppManager.swift; sourceTree = "<group>"; };
		E32905302E0292F10002F28C /* SceneDelegate+Extension.swift */ = {isa = PBXFileReference; lastKnownFileType = sourcecode.swift; path = "SceneDelegate+Extension.swift"; sourceTree = "<group>"; };
		E32905332E02A4430002F28C /* AppLoader.swift */ = {isa = PBXFileReference; lastKnownFileType = sourcecode.swift; path = AppLoader.swift; sourceTree = "<group>"; };
		E32905372E02AB950002F28C /* AppAlertManager.swift */ = {isa = PBXFileReference; lastKnownFileType = sourcecode.swift; path = AppAlertManager.swift; sourceTree = "<group>"; };
		E329053A2E030B190002F28C /* GenreCell.swift */ = {isa = PBXFileReference; lastKnownFileType = sourcecode.swift; path = GenreCell.swift; sourceTree = "<group>"; };
		E329053C2E030B360002F28C /* MovieCell.swift */ = {isa = PBXFileReference; lastKnownFileType = sourcecode.swift; path = MovieCell.swift; sourceTree = "<group>"; };
		E329053E2E03462A0002F28C /* ImageLoader.swift */ = {isa = PBXFileReference; lastKnownFileType = sourcecode.swift; path = ImageLoader.swift; sourceTree = "<group>"; };
		E32905412E0405EB0002F28C /* SearchBar.swift */ = {isa = PBXFileReference; lastKnownFileType = sourcecode.swift; path = SearchBar.swift; sourceTree = "<group>"; };
		E3810FA62E0597BD00F01652 /* MovieDetailsView.swift */ = {isa = PBXFileReference; lastKnownFileType = sourcecode.swift; path = MovieDetailsView.swift; sourceTree = "<group>"; };
		E3810FA82E0597EB00F01652 /* MovieDetailsViewModel.swift */ = {isa = PBXFileReference; lastKnownFileType = sourcecode.swift; path = MovieDetailsViewModel.swift; sourceTree = "<group>"; };
		E3810FAA2E06DC1900F01652 /* CoreData.framework */ = {isa = PBXFileReference; lastKnownFileType = wrapper.framework; name = CoreData.framework; path = System/Library/Frameworks/CoreData.framework; sourceTree = SDKROOT; };
		E3810FAD2E06DC6100F01652 /* JahezDataModel.xcdatamodel */ = {isa = PBXFileReference; lastKnownFileType = wrapper.xcdatamodel; path = JahezDataModel.xcdatamodel; sourceTree = "<group>"; };
		E3810FC02E06DEA800F01652 /* CoreDataManager.swift */ = {isa = PBXFileReference; lastKnownFileType = sourcecode.swift; path = CoreDataManager.swift; sourceTree = "<group>"; };
		E3887F232E016955003035A8 /* MovieService.swift */ = {isa = PBXFileReference; lastKnownFileType = sourcecode.swift; path = MovieService.swift; sourceTree = "<group>"; };
		E3887F252E016966003035A8 /* NetworkManager+Movie.swift */ = {isa = PBXFileReference; lastKnownFileType = sourcecode.swift; path = "NetworkManager+Movie.swift"; sourceTree = "<group>"; };
		E3887F292E016B08003035A8 /* HomeViewModel.swift */ = {isa = PBXFileReference; lastKnownFileType = sourcecode.swift; path = HomeViewModel.swift; sourceTree = "<group>"; };
		E3887F2B2E016B76003035A8 /* HomeView.swift */ = {isa = PBXFileReference; lastKnownFileType = sourcecode.swift; path = HomeView.swift; sourceTree = "<group>"; };
		E3BADCCA2E06F47F001C9DDE /* CDGenre+CoreDataClass.swift */ = {isa = PBXFileReference; lastKnownFileType = sourcecode.swift; path = "CDGenre+CoreDataClass.swift"; sourceTree = "<group>"; };
		E3BADCCB2E06F47F001C9DDE /* CDGenre+CoreDataProperties.swift */ = {isa = PBXFileReference; lastKnownFileType = sourcecode.swift; path = "CDGenre+CoreDataProperties.swift"; sourceTree = "<group>"; };
		E3BADCCC2E06F47F001C9DDE /* CDMovie+CoreDataClass.swift */ = {isa = PBXFileReference; lastKnownFileType = sourcecode.swift; path = "CDMovie+CoreDataClass.swift"; sourceTree = "<group>"; };
		E3BADCCD2E06F47F001C9DDE /* CDMovie+CoreDataProperties.swift */ = {isa = PBXFileReference; lastKnownFileType = sourcecode.swift; path = "CDMovie+CoreDataProperties.swift"; sourceTree = "<group>"; };
/* End PBXFileReference section */

/* Begin PBXFrameworksBuildPhase section */
		E3210A882E0158EE00D8D761 /* Frameworks */ = {
			isa = PBXFrameworksBuildPhase;
			buildActionMask = 2147483647;
			files = (
				76C13517F2064415BFBB0210 /* Pods_Jahez_Task.framework in Frameworks */,
				E3810FAB2E06DC1900F01652 /* CoreData.framework in Frameworks */,
			);
			runOnlyForDeploymentPostprocessing = 0;
		};
		E3210A9E2E0158EF00D8D761 /* Frameworks */ = {
			isa = PBXFrameworksBuildPhase;
			buildActionMask = 2147483647;
			files = (
			);
			runOnlyForDeploymentPostprocessing = 0;
		};
		E3210AA82E0158EF00D8D761 /* Frameworks */ = {
			isa = PBXFrameworksBuildPhase;
			buildActionMask = 2147483647;
			files = (
			);
			runOnlyForDeploymentPostprocessing = 0;
		};
/* End PBXFrameworksBuildPhase section */

/* Begin PBXGroup section */
		918F4669F8D6B34925BC929F /* Pods */ = {
			isa = PBXGroup;
			children = (
				E31D810A42058E2F474D0B3D /* Pods-Jahez_Task.debug.xcconfig */,
				75F416D87FA48AC852E1EE62 /* Pods-Jahez_Task.release.xcconfig */,
			);
			path = Pods;
			sourceTree = "<group>";
		};
		B198D87D6E511EA91E1CB293 /* Frameworks */ = {
			isa = PBXGroup;
			children = (
				E3810FAA2E06DC1900F01652 /* CoreData.framework */,
				111AD701207E01F213646BD6 /* Pods_Jahez_Task.framework */,
			);
			name = Frameworks;
			sourceTree = "<group>";
		};
		E3210A822E0158EE00D8D761 = {
			isa = PBXGroup;
			children = (
				E3210ACA2E015A2E00D8D761 /* Jahez_Task */,
				E3210AD22E015A3A00D8D761 /* Jahez_TaskTests */,
				E3210AD62E015A3C00D8D761 /* Jahez_TaskUITests */,
				E3210A8C2E0158EE00D8D761 /* Products */,
				918F4669F8D6B34925BC929F /* Pods */,
				B198D87D6E511EA91E1CB293 /* Frameworks */,
			);
			sourceTree = "<group>";
		};
		E3210A8C2E0158EE00D8D761 /* Products */ = {
			isa = PBXGroup;
			children = (
				E3210A8B2E0158EE00D8D761 /* Jahez_Task.app */,
				E3210AA12E0158EF00D8D761 /* Jahez_TaskTests.xctest */,
				E3210AAB2E0158EF00D8D761 /* Jahez_TaskUITests.xctest */,
			);
			name = Products;
			sourceTree = "<group>";
		};
		E3210AC32E015A2E00D8D761 /* AppDelegate+SceneDelegate */ = {
			isa = PBXGroup;
			children = (
				E3210AC12E015A2E00D8D761 /* AppDelegate.swift */,
				E3210AC22E015A2E00D8D761 /* SceneDelegate.swift */,
				E32905212E0181D10002F28C /* AppDelegate+Extension.swift */,
				E32905302E0292F10002F28C /* SceneDelegate+Extension.swift */,
			);
			path = "AppDelegate+SceneDelegate";
			sourceTree = "<group>";
		};
		E3210ACA2E015A2E00D8D761 /* Jahez_Task */ = {
			isa = PBXGroup;
			children = (
				E3210AC52E015A2E00D8D761 /* Info.plist */,
				E3210AC32E015A2E00D8D761 /* AppDelegate+SceneDelegate */,
				E3210AD92E015A6B00D8D761 /* StoryBoard */,
				E3210ADC2E015AB600D8D761 /* Resources */,
				E3210AE12E015B1500D8D761 /* NetworkServices */,
				E329050E2E016EC10002F28C /* Models */,
				E3210ADE2E015AEA00D8D761 /* Services */,
				E329052A2E028F3E0002F28C /* Extensions */,
				E329052D2E0292910002F28C /* Utilities */,
				E32905232E028EA60002F28C /* Custom */,
				E3887F272E016AB9003035A8 /* Scenes */,
				E3BADCCE2E06F47F001C9DDE /* Core Data */,
				E3810FAC2E06DC6100F01652 /* JahezDataModel.xcdatamodeld */,
			);
			path = Jahez_Task;
			sourceTree = "<group>";
		};
		E3210AD22E015A3A00D8D761 /* Jahez_TaskTests */ = {
			isa = PBXGroup;
			children = (
				E3210AD12E015A3A00D8D761 /* HomeViewModelTests.swift */,
			);
			path = Jahez_TaskTests;
			sourceTree = "<group>";
		};
		E3210AD62E015A3C00D8D761 /* Jahez_TaskUITests */ = {
			isa = PBXGroup;
			children = (
				E3210AD42E015A3C00D8D761 /* Jahez_TaskUITests.swift */,
				E3210AD52E015A3C00D8D761 /* Jahez_TaskUITestsLaunchTests.swift */,
			);
			path = Jahez_TaskUITests;
			sourceTree = "<group>";
		};
		E3210AD92E015A6B00D8D761 /* StoryBoard */ = {
			isa = PBXGroup;
			children = (
				E3210ADA2E015A8800D8D761 /* LaunchScreen.storyboard */,
			);
			path = StoryBoard;
			sourceTree = "<group>";
		};
		E3210ADC2E015AB600D8D761 /* Resources */ = {
			isa = PBXGroup;
			children = (
				E32905272E028EF30002F28C /* Colors */,
				E3210ADD2E015ABA00D8D761 /* Assets */,
				E3210AE82E01632000D8D761 /* Configurations */,
			);
			path = Resources;
			sourceTree = "<group>";
		};
		E3210ADD2E015ABA00D8D761 /* Assets */ = {
			isa = PBXGroup;
			children = (
				E3210AC42E015A2E00D8D761 /* Assets.xcassets */,
			);
			path = Assets;
			sourceTree = "<group>";
		};
		E3210ADE2E015AEA00D8D761 /* Services */ = {
			isa = PBXGroup;
			children = (
				E3210ADF2E015AF400D8D761 /* Container.swift */,
			);
			path = Services;
			sourceTree = "<group>";
		};
		E3210AE12E015B1500D8D761 /* NetworkServices */ = {
			isa = PBXGroup;
			children = (
				E3887F222E016945003035A8 /* Movie Service */,
				E3210AE22E015B2F00D8D761 /* NetworkManager.swift */,
				E3210AE42E015B3C00D8D761 /* NetworkManager+ParseResponse.swift */,
				E3210AE62E015B4800D8D761 /* NetworkDefaults.swift */,
			);
			path = NetworkServices;
			sourceTree = "<group>";
		};
		E3210AE82E01632000D8D761 /* Configurations */ = {
			isa = PBXGroup;
			children = (
				E3210AE92E0163BE00D8D761 /* Environment.swift */,
				E3210AEB2E0163E600D8D761 /* AppConfig.xcconfig */,
			);
			path = Configurations;
			sourceTree = "<group>";
		};
		E329050E2E016EC10002F28C /* Models */ = {
			isa = PBXGroup;
			children = (
				E32905112E016EE40002F28C /* Movie */,
				E329050F2E016ED90002F28C /* NetworkError.swift */,
			);
			path = Models;
			sourceTree = "<group>";
		};
		E32905112E016EE40002F28C /* Movie */ = {
			isa = PBXGroup;
			children = (
				E32905162E01723F0002F28C /* GenreModel.swift */,
				E32905122E016EF70002F28C /* MovieModel.swift */,
				E32905182E017BF90002F28C /* GenreResponseModel.swift */,
				E32905142E016F0B0002F28C /* NetworkResponse.swift */,
			);
			path = Movie;
			sourceTree = "<group>";
		};
		E32905232E028EA60002F28C /* Custom */ = {
			isa = PBXGroup;
			children = (
				E32905352E02AB720002F28C /* AppAlertManager */,
				E32905322E02A42E0002F28C /* Loader */,
				E32905242E028EAD0002F28C /* NavigationControllers */,
			);
			path = Custom;
			sourceTree = "<group>";
		};
		E32905242E028EAD0002F28C /* NavigationControllers */ = {
			isa = PBXGroup;
			children = (
				E32905252E028EC40002F28C /* AppNavigationController.swift */,
			);
			path = NavigationControllers;
			sourceTree = "<group>";
		};
		E32905272E028EF30002F28C /* Colors */ = {
			isa = PBXGroup;
			children = (
				E32905282E028F020002F28C /* Colors.xcassets */,
			);
			path = Colors;
			sourceTree = "<group>";
		};
		E329052A2E028F3E0002F28C /* Extensions */ = {
			isa = PBXGroup;
			children = (
				E329052B2E028F4D0002F28C /* UIColor+app.swift */,
			);
			path = Extensions;
			sourceTree = "<group>";
		};
		E329052D2E0292910002F28C /* Utilities */ = {
			isa = PBXGroup;
			children = (
				E329052E2E02929D0002F28C /* AppManager.swift */,
				E329053E2E03462A0002F28C /* ImageLoader.swift */,
				E3810FC02E06DEA800F01652 /* CoreDataManager.swift */,
			);
			path = Utilities;
			sourceTree = "<group>";
		};
		E32905322E02A42E0002F28C /* Loader */ = {
			isa = PBXGroup;
			children = (
				E32905332E02A4430002F28C /* AppLoader.swift */,
			);
			path = Loader;
			sourceTree = "<group>";
		};
		E32905352E02AB720002F28C /* AppAlertManager */ = {
			isa = PBXGroup;
			children = (
				E32905372E02AB950002F28C /* AppAlertManager.swift */,
			);
			path = AppAlertManager;
			sourceTree = "<group>";
		};
		E32905392E02ADBA0002F28C /* Cell */ = {
			isa = PBXGroup;
			children = (
				E329053A2E030B190002F28C /* GenreCell.swift */,
				E329053C2E030B360002F28C /* MovieCell.swift */,
			);
			path = Cell;
			sourceTree = "<group>";
		};
		E32905402E0405D10002F28C /* Search Bar */ = {
			isa = PBXGroup;
			children = (
				E32905412E0405EB0002F28C /* SearchBar.swift */,
			);
			path = "Search Bar";
			sourceTree = "<group>";
		};
		E3810FA52E0597AC00F01652 /* Movie Details */ = {
			isa = PBXGroup;
			children = (
				E3810FA62E0597BD00F01652 /* MovieDetailsView.swift */,
				E3810FA82E0597EB00F01652 /* MovieDetailsViewModel.swift */,
			);
			path = "Movie Details";
			sourceTree = "<group>";
		};
		E3887F222E016945003035A8 /* Movie Service */ = {
			isa = PBXGroup;
			children = (
				E3887F232E016955003035A8 /* MovieService.swift */,
				E3887F252E016966003035A8 /* NetworkManager+Movie.swift */,
			);
			path = "Movie Service";
			sourceTree = "<group>";
		};
		E3887F272E016AB9003035A8 /* Scenes */ = {
			isa = PBXGroup;
			children = (
				E3810FA52E0597AC00F01652 /* Movie Details */,
				E3887F282E016AD5003035A8 /* Home  */,
			);
			path = Scenes;
			sourceTree = "<group>";
		};
		E3887F282E016AD5003035A8 /* Home  */ = {
			isa = PBXGroup;
			children = (
				E32905402E0405D10002F28C /* Search Bar */,
				E32905392E02ADBA0002F28C /* Cell */,
				E3887F2B2E016B76003035A8 /* HomeView.swift */,
				E3887F292E016B08003035A8 /* HomeViewModel.swift */,
			);
			path = "Home ";
			sourceTree = "<group>";
		};
		E3BADCCE2E06F47F001C9DDE /* Core Data */ = {
			isa = PBXGroup;
			children = (
				E3BADCCA2E06F47F001C9DDE /* CDGenre+CoreDataClass.swift */,
				E3BADCCB2E06F47F001C9DDE /* CDGenre+CoreDataProperties.swift */,
				E3BADCCC2E06F47F001C9DDE /* CDMovie+CoreDataClass.swift */,
				E3BADCCD2E06F47F001C9DDE /* CDMovie+CoreDataProperties.swift */,
			);
			path = "Core Data";
			sourceTree = "<group>";
		};
/* End PBXGroup section */

/* Begin PBXNativeTarget section */
		E3210A8A2E0158EE00D8D761 /* Jahez_Task */ = {
			isa = PBXNativeTarget;
			buildConfigurationList = E3210AB42E0158EF00D8D761 /* Build configuration list for PBXNativeTarget "Jahez_Task" */;
			buildPhases = (
				91867F9640252E19C5A548C2 /* [CP] Check Pods Manifest.lock */,
				E3210A872E0158EE00D8D761 /* Sources */,
				E3210A882E0158EE00D8D761 /* Frameworks */,
				E3210A892E0158EE00D8D761 /* Resources */,
				E890CFAA51FF6ADEB6E18BFE /* [CP] Embed Pods Frameworks */,
			);
			buildRules = (
			);
			dependencies = (
			);
			name = Jahez_Task;
			productName = Jahez_Task;
			productReference = E3210A8B2E0158EE00D8D761 /* Jahez_Task.app */;
			productType = "com.apple.product-type.application";
		};
		E3210AA02E0158EF00D8D761 /* Jahez_TaskTests */ = {
			isa = PBXNativeTarget;
			buildConfigurationList = E3210AB92E0158EF00D8D761 /* Build configuration list for PBXNativeTarget "Jahez_TaskTests" */;
			buildPhases = (
				E3210A9D2E0158EF00D8D761 /* Sources */,
				E3210A9E2E0158EF00D8D761 /* Frameworks */,
				E3210A9F2E0158EF00D8D761 /* Resources */,
			);
			buildRules = (
			);
			dependencies = (
				E3210AA32E0158EF00D8D761 /* PBXTargetDependency */,
			);
			name = Jahez_TaskTests;
			productName = Jahez_TaskTests;
			productReference = E3210AA12E0158EF00D8D761 /* Jahez_TaskTests.xctest */;
			productType = "com.apple.product-type.bundle.unit-test";
		};
		E3210AAA2E0158EF00D8D761 /* Jahez_TaskUITests */ = {
			isa = PBXNativeTarget;
			buildConfigurationList = E3210ABC2E0158EF00D8D761 /* Build configuration list for PBXNativeTarget "Jahez_TaskUITests" */;
			buildPhases = (
				E3210AA72E0158EF00D8D761 /* Sources */,
				E3210AA82E0158EF00D8D761 /* Frameworks */,
				E3210AA92E0158EF00D8D761 /* Resources */,
			);
			buildRules = (
			);
			dependencies = (
				E3210AAD2E0158EF00D8D761 /* PBXTargetDependency */,
			);
			name = Jahez_TaskUITests;
			productName = Jahez_TaskUITests;
			productReference = E3210AAB2E0158EF00D8D761 /* Jahez_TaskUITests.xctest */;
			productType = "com.apple.product-type.bundle.ui-testing";
		};
/* End PBXNativeTarget section */

/* Begin PBXProject section */
		E3210A832E0158EE00D8D761 /* Project object */ = {
			isa = PBXProject;
			attributes = {
				BuildIndependentTargetsInParallel = 1;
				LastSwiftUpdateCheck = 1640;
				LastUpgradeCheck = 1640;
				TargetAttributes = {
					E3210A8A2E0158EE00D8D761 = {
						CreatedOnToolsVersion = 16.4;
					};
					E3210AA02E0158EF00D8D761 = {
						CreatedOnToolsVersion = 16.4;
						TestTargetID = E3210A8A2E0158EE00D8D761;
					};
					E3210AAA2E0158EF00D8D761 = {
						CreatedOnToolsVersion = 16.4;
						TestTargetID = E3210A8A2E0158EE00D8D761;
					};
				};
			};
			buildConfigurationList = E3210A862E0158EE00D8D761 /* Build configuration list for PBXProject "Jahez_Task" */;
			developmentRegion = en;
			hasScannedForEncodings = 0;
			knownRegions = (
				en,
				Base,
			);
			mainGroup = E3210A822E0158EE00D8D761;
			minimizedProjectReferenceProxies = 1;
			preferredProjectObjectVersion = 77;
			productRefGroup = E3210A8C2E0158EE00D8D761 /* Products */;
			projectDirPath = "";
			projectRoot = "";
			targets = (
				E3210A8A2E0158EE00D8D761 /* Jahez_Task */,
				E3210AA02E0158EF00D8D761 /* Jahez_TaskTests */,
				E3210AAA2E0158EF00D8D761 /* Jahez_TaskUITests */,
			);
		};
/* End PBXProject section */

/* Begin PBXResourcesBuildPhase section */
		E3210A892E0158EE00D8D761 /* Resources */ = {
			isa = PBXResourcesBuildPhase;
			buildActionMask = 2147483647;
			files = (
				E32905292E028F020002F28C /* Colors.xcassets in Resources */,
				E3210ADB2E015A8800D8D761 /* LaunchScreen.storyboard in Resources */,
				E3210AEC2E0163E600D8D761 /* AppConfig.xcconfig in Resources */,
				E3210ACD2E015A2E00D8D761 /* Assets.xcassets in Resources */,
			);
			runOnlyForDeploymentPostprocessing = 0;
		};
		E3210A9F2E0158EF00D8D761 /* Resources */ = {
			isa = PBXResourcesBuildPhase;
			buildActionMask = 2147483647;
			files = (
			);
			runOnlyForDeploymentPostprocessing = 0;
		};
		E3210AA92E0158EF00D8D761 /* Resources */ = {
			isa = PBXResourcesBuildPhase;
			buildActionMask = 2147483647;
			files = (
			);
			runOnlyForDeploymentPostprocessing = 0;
		};
/* End PBXResourcesBuildPhase section */

/* Begin PBXShellScriptBuildPhase section */
		91867F9640252E19C5A548C2 /* [CP] Check Pods Manifest.lock */ = {
			isa = PBXShellScriptBuildPhase;
			buildActionMask = 2147483647;
			files = (
			);
			inputFileListPaths = (
			);
			inputPaths = (
				"${PODS_PODFILE_DIR_PATH}/Podfile.lock",
				"${PODS_ROOT}/Manifest.lock",
			);
			name = "[CP] Check Pods Manifest.lock";
			outputFileListPaths = (
			);
			outputPaths = (
				"$(DERIVED_FILE_DIR)/Pods-Jahez_Task-checkManifestLockResult.txt",
			);
			runOnlyForDeploymentPostprocessing = 0;
			shellPath = /bin/sh;
			shellScript = "diff \"${PODS_PODFILE_DIR_PATH}/Podfile.lock\" \"${PODS_ROOT}/Manifest.lock\" > /dev/null\nif [ $? != 0 ] ; then\n    # print error to STDERR\n    echo \"error: The sandbox is not in sync with the Podfile.lock. Run 'pod install' or update your CocoaPods installation.\" >&2\n    exit 1\nfi\n# This output is used by Xcode 'outputs' to avoid re-running this script phase.\necho \"SUCCESS\" > \"${SCRIPT_OUTPUT_FILE_0}\"\n";
			showEnvVarsInLog = 0;
		};
		E890CFAA51FF6ADEB6E18BFE /* [CP] Embed Pods Frameworks */ = {
			isa = PBXShellScriptBuildPhase;
			buildActionMask = 2147483647;
			files = (
			);
			inputFileListPaths = (
				"${PODS_ROOT}/Target Support Files/Pods-Jahez_Task/Pods-Jahez_Task-frameworks-${CONFIGURATION}-input-files.xcfilelist",
			);
			inputPaths = (
			);
			name = "[CP] Embed Pods Frameworks";
			outputFileListPaths = (
				"${PODS_ROOT}/Target Support Files/Pods-Jahez_Task/Pods-Jahez_Task-frameworks-${CONFIGURATION}-output-files.xcfilelist",
			);
			outputPaths = (
			);
			runOnlyForDeploymentPostprocessing = 0;
			shellPath = /bin/sh;
			shellScript = "\"${PODS_ROOT}/Target Support Files/Pods-Jahez_Task/Pods-Jahez_Task-frameworks.sh\"\n";
			showEnvVarsInLog = 0;
		};
/* End PBXShellScriptBuildPhase section */

/* Begin PBXSourcesBuildPhase section */
		E3210A872E0158EE00D8D761 /* Sources */ = {
			isa = PBXSourcesBuildPhase;
			buildActionMask = 2147483647;
			files = (
				E3887F262E016966003035A8 /* NetworkManager+Movie.swift in Sources */,
				E3210AE32E015B2F00D8D761 /* NetworkManager.swift in Sources */,
				E3210AE02E015AF500D8D761 /* Container.swift in Sources */,
				E3887F2A2E016B08003035A8 /* HomeViewModel.swift in Sources */,
				E32905382E02AB950002F28C /* AppAlertManager.swift in Sources */,
				E329052C2E028F4D0002F28C /* UIColor+app.swift in Sources */,
				E3810FAE2E06DC6100F01652 /* JahezDataModel.xcdatamodeld in Sources */,
				E3210AE52E015B3C00D8D761 /* NetworkManager+ParseResponse.swift in Sources */,
				E3887F2C2E016B77003035A8 /* HomeView.swift in Sources */,
				E3BADCCF2E06F47F001C9DDE /* CDGenre+CoreDataClass.swift in Sources */,
				E3BADCD02E06F47F001C9DDE /* CDGenre+CoreDataProperties.swift in Sources */,
				E3BADCD12E06F47F001C9DDE /* CDMovie+CoreDataClass.swift in Sources */,
				E3BADCD22E06F47F001C9DDE /* CDMovie+CoreDataProperties.swift in Sources */,
				E329052F2E02929D0002F28C /* AppManager.swift in Sources */,
				E32905222E0181D10002F28C /* AppDelegate+Extension.swift in Sources */,
				E3810FC12E06DEA800F01652 /* CoreDataManager.swift in Sources */,
				E32905172E01723F0002F28C /* GenreModel.swift in Sources */,
				E329053B2E030B190002F28C /* GenreCell.swift in Sources */,
				E329053F2E03462A0002F28C /* ImageLoader.swift in Sources */,
				E32905132E016EF70002F28C /* MovieModel.swift in Sources */,
				E32905422E0405EB0002F28C /* SearchBar.swift in Sources */,
				E3810FA92E0597EB00F01652 /* MovieDetailsViewModel.swift in Sources */,
				E32905262E028EC40002F28C /* AppNavigationController.swift in Sources */,
				E32905312E0292F10002F28C /* SceneDelegate+Extension.swift in Sources */,
				E3210AEA2E0163BE00D8D761 /* Environment.swift in Sources */,
				E32905342E02A4430002F28C /* AppLoader.swift in Sources */,
				E3210ACB2E015A2E00D8D761 /* AppDelegate.swift in Sources */,
				E32905152E016F0B0002F28C /* NetworkResponse.swift in Sources */,
				E3210AE72E015B4800D8D761 /* NetworkDefaults.swift in Sources */,
				E3810FA72E0597BD00F01652 /* MovieDetailsView.swift in Sources */,
				E32905102E016ED90002F28C /* NetworkError.swift in Sources */,
				E3887F242E016955003035A8 /* MovieService.swift in Sources */,
				E32905192E017BF90002F28C /* GenreResponseModel.swift in Sources */,
				E329053D2E030B360002F28C /* MovieCell.swift in Sources */,
				E3210ACC2E015A2E00D8D761 /* SceneDelegate.swift in Sources */,
			);
			runOnlyForDeploymentPostprocessing = 0;
		};
		E3210A9D2E0158EF00D8D761 /* Sources */ = {
			isa = PBXSourcesBuildPhase;
			buildActionMask = 2147483647;
			files = (
				E3210AD32E015A3A00D8D761 /* HomeViewModelTests.swift in Sources */,
			);
			runOnlyForDeploymentPostprocessing = 0;
		};
		E3210AA72E0158EF00D8D761 /* Sources */ = {
			isa = PBXSourcesBuildPhase;
			buildActionMask = 2147483647;
			files = (
				E3210AD72E015A3C00D8D761 /* Jahez_TaskUITests.swift in Sources */,
				E3210AD82E015A3C00D8D761 /* Jahez_TaskUITestsLaunchTests.swift in Sources */,
			);
			runOnlyForDeploymentPostprocessing = 0;
		};
/* End PBXSourcesBuildPhase section */

/* Begin PBXTargetDependency section */
		E3210AA32E0158EF00D8D761 /* PBXTargetDependency */ = {
			isa = PBXTargetDependency;
			target = E3210A8A2E0158EE00D8D761 /* Jahez_Task */;
			targetProxy = E3210AA22E0158EF00D8D761 /* PBXContainerItemProxy */;
		};
		E3210AAD2E0158EF00D8D761 /* PBXTargetDependency */ = {
			isa = PBXTargetDependency;
			target = E3210A8A2E0158EE00D8D761 /* Jahez_Task */;
			targetProxy = E3210AAC2E0158EF00D8D761 /* PBXContainerItemProxy */;
		};
/* End PBXTargetDependency section */

/* Begin XCBuildConfiguration section */
		E3210AB52E0158EF00D8D761 /* Debug */ = {
			isa = XCBuildConfiguration;
			baseConfigurationReference = E31D810A42058E2F474D0B3D /* Pods-Jahez_Task.debug.xcconfig */;
			buildSettings = {
				ASSETCATALOG_COMPILER_APPICON_NAME = AppIcon;
				ASSETCATALOG_COMPILER_GLOBAL_ACCENT_COLOR_NAME = AccentColor;
				CODE_SIGN_STYLE = Automatic;
				CURRENT_PROJECT_VERSION = 1;
				ENABLE_USER_SCRIPT_SANDBOXING = NO;
				GENERATE_INFOPLIST_FILE = YES;
				INFOPLIST_FILE = Jahez_Task/Info.plist;
				INFOPLIST_KEY_UIApplicationSupportsIndirectInputEvents = YES;
				INFOPLIST_KEY_UILaunchStoryboardName = LaunchScreen;
				INFOPLIST_KEY_UISupportedInterfaceOrientations = UIInterfaceOrientationPortrait;
				INFOPLIST_KEY_UISupportedInterfaceOrientations_iPad = "UIInterfaceOrientationPortrait UIInterfaceOrientationPortraitUpsideDown";
				IPHONEOS_DEPLOYMENT_TARGET = 15.6;
				LD_RUNPATH_SEARCH_PATHS = (
					"$(inherited)",
					"@executable_path/Frameworks",
				);
				MARKETING_VERSION = 1.0;
				PRODUCT_BUNDLE_IDENTIFIER = "com.jahez.task.Jahez-Task";
				PRODUCT_NAME = "$(TARGET_NAME)";
				SWIFT_EMIT_LOC_STRINGS = YES;
				SWIFT_VERSION = 5.0;
				TARGETED_DEVICE_FAMILY = "1,2";
			};
			name = Debug;
		};
		E3210AB62E0158EF00D8D761 /* Release */ = {
			isa = XCBuildConfiguration;
			baseConfigurationReference = 75F416D87FA48AC852E1EE62 /* Pods-Jahez_Task.release.xcconfig */;
			buildSettings = {
				ASSETCATALOG_COMPILER_APPICON_NAME = AppIcon;
				ASSETCATALOG_COMPILER_GLOBAL_ACCENT_COLOR_NAME = AccentColor;
				CODE_SIGN_STYLE = Automatic;
				CURRENT_PROJECT_VERSION = 1;
				ENABLE_USER_SCRIPT_SANDBOXING = NO;
				GENERATE_INFOPLIST_FILE = YES;
				INFOPLIST_FILE = Jahez_Task/Info.plist;
				INFOPLIST_KEY_UIApplicationSupportsIndirectInputEvents = YES;
				INFOPLIST_KEY_UILaunchStoryboardName = LaunchScreen;
				INFOPLIST_KEY_UISupportedInterfaceOrientations = UIInterfaceOrientationPortrait;
				INFOPLIST_KEY_UISupportedInterfaceOrientations_iPad = "UIInterfaceOrientationPortrait UIInterfaceOrientationPortraitUpsideDown";
				IPHONEOS_DEPLOYMENT_TARGET = 15.6;
				LD_RUNPATH_SEARCH_PATHS = (
					"$(inherited)",
					"@executable_path/Frameworks",
				);
				MARKETING_VERSION = 1.0;
				PRODUCT_BUNDLE_IDENTIFIER = "com.jahez.task.Jahez-Task";
				PRODUCT_NAME = "$(TARGET_NAME)";
				SWIFT_EMIT_LOC_STRINGS = YES;
				SWIFT_VERSION = 5.0;
				TARGETED_DEVICE_FAMILY = "1,2";
			};
			name = Release;
		};
		E3210AB72E0158EF00D8D761 /* Debug */ = {
			isa = XCBuildConfiguration;
			baseConfigurationReference = E3210AEB2E0163E600D8D761 /* AppConfig.xcconfig */;
			buildSettings = {
				ALWAYS_SEARCH_USER_PATHS = NO;
				ASSETCATALOG_COMPILER_GENERATE_SWIFT_ASSET_SYMBOL_EXTENSIONS = YES;
				CLANG_ANALYZER_NONNULL = YES;
				CLANG_ANALYZER_NUMBER_OBJECT_CONVERSION = YES_AGGRESSIVE;
				CLANG_CXX_LANGUAGE_STANDARD = "gnu++20";
				CLANG_ENABLE_MODULES = YES;
				CLANG_ENABLE_OBJC_ARC = YES;
				CLANG_ENABLE_OBJC_WEAK = YES;
				CLANG_WARN_BLOCK_CAPTURE_AUTORELEASING = YES;
				CLANG_WARN_BOOL_CONVERSION = YES;
				CLANG_WARN_COMMA = YES;
				CLANG_WARN_CONSTANT_CONVERSION = YES;
				CLANG_WARN_DEPRECATED_OBJC_IMPLEMENTATIONS = YES;
				CLANG_WARN_DIRECT_OBJC_ISA_USAGE = YES_ERROR;
				CLANG_WARN_DOCUMENTATION_COMMENTS = YES;
				CLANG_WARN_EMPTY_BODY = YES;
				CLANG_WARN_ENUM_CONVERSION = YES;
				CLANG_WARN_INFINITE_RECURSION = YES;
				CLANG_WARN_INT_CONVERSION = YES;
				CLANG_WARN_NON_LITERAL_NULL_CONVERSION = YES;
				CLANG_WARN_OBJC_IMPLICIT_RETAIN_SELF = YES;
				CLANG_WARN_OBJC_LITERAL_CONVERSION = YES;
				CLANG_WARN_OBJC_ROOT_CLASS = YES_ERROR;
				CLANG_WARN_QUOTED_INCLUDE_IN_FRAMEWORK_HEADER = YES;
				CLANG_WARN_RANGE_LOOP_ANALYSIS = YES;
				CLANG_WARN_STRICT_PROTOTYPES = YES;
				CLANG_WARN_SUSPICIOUS_MOVE = YES;
				CLANG_WARN_UNGUARDED_AVAILABILITY = YES_AGGRESSIVE;
				CLANG_WARN_UNREACHABLE_CODE = YES;
				CLANG_WARN__DUPLICATE_METHOD_MATCH = YES;
				COPY_PHASE_STRIP = NO;
				DEBUG_INFORMATION_FORMAT = dwarf;
				ENABLE_STRICT_OBJC_MSGSEND = YES;
				ENABLE_TESTABILITY = YES;
				ENABLE_USER_SCRIPT_SANDBOXING = YES;
				GCC_C_LANGUAGE_STANDARD = gnu17;
				GCC_DYNAMIC_NO_PIC = NO;
				GCC_NO_COMMON_BLOCKS = YES;
				GCC_OPTIMIZATION_LEVEL = 0;
				GCC_PREPROCESSOR_DEFINITIONS = (
					"DEBUG=1",
					"$(inherited)",
				);
				GCC_WARN_64_TO_32_BIT_CONVERSION = YES;
				GCC_WARN_ABOUT_RETURN_TYPE = YES_ERROR;
				GCC_WARN_UNDECLARED_SELECTOR = YES;
				GCC_WARN_UNINITIALIZED_AUTOS = YES_AGGRESSIVE;
				GCC_WARN_UNUSED_FUNCTION = YES;
				GCC_WARN_UNUSED_VARIABLE = YES;
				IPHONEOS_DEPLOYMENT_TARGET = 18.5;
				LOCALIZATION_PREFERS_STRING_CATALOGS = YES;
				MTL_ENABLE_DEBUG_INFO = INCLUDE_SOURCE;
				MTL_FAST_MATH = YES;
				ONLY_ACTIVE_ARCH = YES;
				SDKROOT = iphoneos;
				SWIFT_ACTIVE_COMPILATION_CONDITIONS = "DEBUG $(inherited)";
				SWIFT_OPTIMIZATION_LEVEL = "-Onone";
			};
			name = Debug;
		};
		E3210AB82E0158EF00D8D761 /* Release */ = {
			isa = XCBuildConfiguration;
			baseConfigurationReference = E3210AEB2E0163E600D8D761 /* AppConfig.xcconfig */;
			buildSettings = {
				ALWAYS_SEARCH_USER_PATHS = NO;
				ASSETCATALOG_COMPILER_GENERATE_SWIFT_ASSET_SYMBOL_EXTENSIONS = YES;
				CLANG_ANALYZER_NONNULL = YES;
				CLANG_ANALYZER_NUMBER_OBJECT_CONVERSION = YES_AGGRESSIVE;
				CLANG_CXX_LANGUAGE_STANDARD = "gnu++20";
				CLANG_ENABLE_MODULES = YES;
				CLANG_ENABLE_OBJC_ARC = YES;
				CLANG_ENABLE_OBJC_WEAK = YES;
				CLANG_WARN_BLOCK_CAPTURE_AUTORELEASING = YES;
				CLANG_WARN_BOOL_CONVERSION = YES;
				CLANG_WARN_COMMA = YES;
				CLANG_WARN_CONSTANT_CONVERSION = YES;
				CLANG_WARN_DEPRECATED_OBJC_IMPLEMENTATIONS = YES;
				CLANG_WARN_DIRECT_OBJC_ISA_USAGE = YES_ERROR;
				CLANG_WARN_DOCUMENTATION_COMMENTS = YES;
				CLANG_WARN_EMPTY_BODY = YES;
				CLANG_WARN_ENUM_CONVERSION = YES;
				CLANG_WARN_INFINITE_RECURSION = YES;
				CLANG_WARN_INT_CONVERSION = YES;
				CLANG_WARN_NON_LITERAL_NULL_CONVERSION = YES;
				CLANG_WARN_OBJC_IMPLICIT_RETAIN_SELF = YES;
				CLANG_WARN_OBJC_LITERAL_CONVERSION = YES;
				CLANG_WARN_OBJC_ROOT_CLASS = YES_ERROR;
				CLANG_WARN_QUOTED_INCLUDE_IN_FRAMEWORK_HEADER = YES;
				CLANG_WARN_RANGE_LOOP_ANALYSIS = YES;
				CLANG_WARN_STRICT_PROTOTYPES = YES;
				CLANG_WARN_SUSPICIOUS_MOVE = YES;
				CLANG_WARN_UNGUARDED_AVAILABILITY = YES_AGGRESSIVE;
				CLANG_WARN_UNREACHABLE_CODE = YES;
				CLANG_WARN__DUPLICATE_METHOD_MATCH = YES;
				COPY_PHASE_STRIP = NO;
				DEBUG_INFORMATION_FORMAT = "dwarf-with-dsym";
				ENABLE_NS_ASSERTIONS = NO;
				ENABLE_STRICT_OBJC_MSGSEND = YES;
				ENABLE_USER_SCRIPT_SANDBOXING = YES;
				GCC_C_LANGUAGE_STANDARD = gnu17;
				GCC_NO_COMMON_BLOCKS = YES;
				GCC_WARN_64_TO_32_BIT_CONVERSION = YES;
				GCC_WARN_ABOUT_RETURN_TYPE = YES_ERROR;
				GCC_WARN_UNDECLARED_SELECTOR = YES;
				GCC_WARN_UNINITIALIZED_AUTOS = YES_AGGRESSIVE;
				GCC_WARN_UNUSED_FUNCTION = YES;
				GCC_WARN_UNUSED_VARIABLE = YES;
				IPHONEOS_DEPLOYMENT_TARGET = 18.5;
				LOCALIZATION_PREFERS_STRING_CATALOGS = YES;
				MTL_ENABLE_DEBUG_INFO = NO;
				MTL_FAST_MATH = YES;
				SDKROOT = iphoneos;
				SWIFT_COMPILATION_MODE = wholemodule;
				VALIDATE_PRODUCT = YES;
			};
			name = Release;
		};
		E3210ABA2E0158EF00D8D761 /* Debug */ = {
			isa = XCBuildConfiguration;
			buildSettings = {
				BUNDLE_LOADER = "$(TEST_HOST)";
				CODE_SIGN_STYLE = Automatic;
				CURRENT_PROJECT_VERSION = 1;
				GENERATE_INFOPLIST_FILE = YES;
				IPHONEOS_DEPLOYMENT_TARGET = 18.5;
				MARKETING_VERSION = 1.0;
				PRODUCT_BUNDLE_IDENTIFIER = "com.jahez.task.Jahez-TaskTests";
				PRODUCT_NAME = "$(TARGET_NAME)";
				SWIFT_EMIT_LOC_STRINGS = NO;
				SWIFT_VERSION = 5.0;
				TARGETED_DEVICE_FAMILY = "1,2";
				TEST_HOST = "$(BUILT_PRODUCTS_DIR)/Jahez_Task.app/$(BUNDLE_EXECUTABLE_FOLDER_PATH)/Jahez_Task";
			};
			name = Debug;
		};
		E3210ABB2E0158EF00D8D761 /* Release */ = {
			isa = XCBuildConfiguration;
			buildSettings = {
				BUNDLE_LOADER = "$(TEST_HOST)";
				CODE_SIGN_STYLE = Automatic;
				CURRENT_PROJECT_VERSION = 1;
				GENERATE_INFOPLIST_FILE = YES;
				IPHONEOS_DEPLOYMENT_TARGET = 18.5;
				MARKETING_VERSION = 1.0;
				PRODUCT_BUNDLE_IDENTIFIER = "com.jahez.task.Jahez-TaskTests";
				PRODUCT_NAME = "$(TARGET_NAME)";
				SWIFT_EMIT_LOC_STRINGS = NO;
				SWIFT_VERSION = 5.0;
				TARGETED_DEVICE_FAMILY = "1,2";
				TEST_HOST = "$(BUILT_PRODUCTS_DIR)/Jahez_Task.app/$(BUNDLE_EXECUTABLE_FOLDER_PATH)/Jahez_Task";
			};
			name = Release;
		};
		E3210ABD2E0158EF00D8D761 /* Debug */ = {
			isa = XCBuildConfiguration;
			buildSettings = {
				CODE_SIGN_STYLE = Automatic;
				CURRENT_PROJECT_VERSION = 1;
				GENERATE_INFOPLIST_FILE = YES;
				MARKETING_VERSION = 1.0;
				PRODUCT_BUNDLE_IDENTIFIER = "com.jahez.task.Jahez-TaskUITests";
				PRODUCT_NAME = "$(TARGET_NAME)";
				SWIFT_EMIT_LOC_STRINGS = NO;
				SWIFT_VERSION = 5.0;
				TARGETED_DEVICE_FAMILY = "1,2";
				TEST_TARGET_NAME = Jahez_Task;
			};
			name = Debug;
		};
		E3210ABE2E0158EF00D8D761 /* Release */ = {
			isa = XCBuildConfiguration;
			buildSettings = {
				CODE_SIGN_STYLE = Automatic;
				CURRENT_PROJECT_VERSION = 1;
				GENERATE_INFOPLIST_FILE = YES;
				MARKETING_VERSION = 1.0;
				PRODUCT_BUNDLE_IDENTIFIER = "com.jahez.task.Jahez-TaskUITests";
				PRODUCT_NAME = "$(TARGET_NAME)";
				SWIFT_EMIT_LOC_STRINGS = NO;
				SWIFT_VERSION = 5.0;
				TARGETED_DEVICE_FAMILY = "1,2";
				TEST_TARGET_NAME = Jahez_Task;
			};
			name = Release;
		};
/* End XCBuildConfiguration section */

/* Begin XCConfigurationList section */
		E3210A862E0158EE00D8D761 /* Build configuration list for PBXProject "Jahez_Task" */ = {
			isa = XCConfigurationList;
			buildConfigurations = (
				E3210AB72E0158EF00D8D761 /* Debug */,
				E3210AB82E0158EF00D8D761 /* Release */,
			);
			defaultConfigurationIsVisible = 0;
			defaultConfigurationName = Release;
		};
		E3210AB42E0158EF00D8D761 /* Build configuration list for PBXNativeTarget "Jahez_Task" */ = {
			isa = XCConfigurationList;
			buildConfigurations = (
				E3210AB52E0158EF00D8D761 /* Debug */,
				E3210AB62E0158EF00D8D761 /* Release */,
			);
			defaultConfigurationIsVisible = 0;
			defaultConfigurationName = Release;
		};
		E3210AB92E0158EF00D8D761 /* Build configuration list for PBXNativeTarget "Jahez_TaskTests" */ = {
			isa = XCConfigurationList;
			buildConfigurations = (
				E3210ABA2E0158EF00D8D761 /* Debug */,
				E3210ABB2E0158EF00D8D761 /* Release */,
			);
			defaultConfigurationIsVisible = 0;
			defaultConfigurationName = Release;
		};
		E3210ABC2E0158EF00D8D761 /* Build configuration list for PBXNativeTarget "Jahez_TaskUITests" */ = {
			isa = XCConfigurationList;
			buildConfigurations = (
				E3210ABD2E0158EF00D8D761 /* Debug */,
				E3210ABE2E0158EF00D8D761 /* Release */,
			);
			defaultConfigurationIsVisible = 0;
			defaultConfigurationName = Release;
		};
/* End XCConfigurationList section */

/* Begin XCVersionGroup section */
		E3810FAC2E06DC6100F01652 /* JahezDataModel.xcdatamodeld */ = {
			isa = XCVersionGroup;
			children = (
				E3810FAD2E06DC6100F01652 /* JahezDataModel.xcdatamodel */,
			);
			currentVersion = E3810FAD2E06DC6100F01652 /* JahezDataModel.xcdatamodel */;
			path = JahezDataModel.xcdatamodeld;
			sourceTree = "<group>";
			versionGroupType = wrapper.xcdatamodel;
		};
/* End XCVersionGroup section */
	};
	rootObject = E3210A832E0158EE00D8D761 /* Project object */;
}
